<?xml version="1.0" encoding="utf-8"?>
<Project ToolsVersion="4.0" xmlns="http://schemas.microsoft.com/developer/msbuild/2003">
  <ItemGroup>
    <Filter Include="Quelldateien">
      <UniqueIdentifier>{4FC737F1-C7A5-4376-A066-2A32D752A2FF}</UniqueIdentifier>
      <Extensions>cpp;c;cc;cxx;def;odl;idl;hpj;bat;asm;asmx</Extensions>
    </Filter>
    <Filter Include="Headerdateien">
      <UniqueIdentifier>{93995380-89BD-4b04-88EB-625FBE52EBFB}</UniqueIdentifier>
      <Extensions>h;hpp;hxx;hm;inl;inc;xsd</Extensions>
    </Filter>
    <Filter Include="Ressourcendateien">
      <UniqueIdentifier>{67DA6AB6-F800-4c08-8B7A-83BB121AAD01}</UniqueIdentifier>
      <Extensions>rc;ico;cur;bmp;dlg;rc2;rct;bin;rgs;gif;jpg;jpeg;jpe;resx;tiff;tif;png;wav;mfcribbon-ms</Extensions>
    </Filter>
    <Filter Include="Headerdateien\DatenStruktur">
      <UniqueIdentifier>{47f895dc-70ea-495f-a0e3-698cbdf0339a}</UniqueIdentifier>
    </Filter>
    <Filter Include="Quelldateien\DatenStruktur">
      <UniqueIdentifier>{977a7c73-4d69-49bd-8b99-074ce19c6619}</UniqueIdentifier>
    </Filter>
  </ItemGroup>
  <ItemGroup>
    <None Include="ReadMe.txt" />
    <None Include="app.ico">
      <Filter>Ressourcendateien</Filter>
    </None>
    <None Include="cursor_square.cur">
      <Filter>Ressourcendateien</Filter>
    </None>
    <None Include="cursor_round.cur">
      <Filter>Ressourcendateien</Filter>
    </None>
    <None Include="cursor_edge.cur">
      <Filter>Ressourcendateien</Filter>
    </None>
    <None Include="cursor_arc.cur">
      <Filter>Ressourcendateien</Filter>
    </None>
    <None Include="..\Pictures\graph.ico">
      <Filter>Ressourcendateien</Filter>
    </None>
    <None Include="..\Pictures\completegraph.png">
      <Filter>Ressourcendateien</Filter>
    </None>
    <None Include="..\Pictures\delete.png">
      <Filter>Ressourcendateien</Filter>
    </None>
    <None Include="..\Pictures\edge.png">
      <Filter>Ressourcendateien</Filter>
    </None>
    <None Include="..\Pictures\edge_gerichtet.png">
      <Filter>Ressourcendateien</Filter>
    </None>
    <None Include="..\Pictures\edge_gerichtet_value.png">
      <Filter>Ressourcendateien</Filter>
    </None>
    <None Include="..\Pictures\edge_value.png">
      <Filter>Ressourcendateien</Filter>
    </None>
    <None Include="..\Pictures\edgeText.png">
      <Filter>Ressourcendateien</Filter>
    </None>
    <None Include="..\Pictures\edit.png">
      <Filter>Ressourcendateien</Filter>
    </None>
    <None Include="..\Pictures\graph.png">
      <Filter>Ressourcendateien</Filter>
    </None>
    <None Include="..\Pictures\grid.png">
      <Filter>Ressourcendateien</Filter>
    </None>
    <None Include="..\Pictures\grid_activated.png">
      <Filter>Ressourcendateien</Filter>
    </None>
    <None Include="..\Pictures\grid_deactivated.png">
      <Filter>Ressourcendateien</Filter>
    </None>
    <None Include="..\Pictures\gridicon.png">
      <Filter>Ressourcendateien</Filter>
    </None>
    <None Include="..\Pictures\knotenText.png">
      <Filter>Ressourcendateien</Filter>
    </None>
    <None Include="..\Pictures\new.png">
      <Filter>Ressourcendateien</Filter>
    </None>
    <None Include="..\Pictures\open.png">
      <Filter>Ressourcendateien</Filter>
    </None>
    <None Include="..\Pictures\save.png">
      <Filter>Ressourcendateien</Filter>
    </None>
    <None Include="..\Pictures\vertex.png">
      <Filter>Ressourcendateien</Filter>
    </None>
    <None Include="..\Pictures\vertex_square.png">
      <Filter>Ressourcendateien</Filter>
    </None>
  </ItemGroup>
  <ItemGroup>
    <ClCompile Include="GAP-Connect.cpp">
      <Filter>Quelldateien</Filter>
    </ClCompile>
    <ClCompile Include="AssemblyInfo.cpp">
      <Filter>Quelldateien</Filter>
    </ClCompile>
    <ClCompile Include="stdafx.cpp">
      <Filter>Quelldateien</Filter>
    </ClCompile>
    <ClCompile Include="about.cpp">
      <Filter>Quelldateien</Filter>
    </ClCompile>
    <ClCompile Include="vertexView.cpp">
      <Filter>Quelldateien</Filter>
    </ClCompile>
    <ClCompile Include="VertexChangeDialog.cpp">
      <Filter>Quelldateien</Filter>
    </ClCompile>
    <ClCompile Include="edgeView.cpp">
      <Filter>Quelldateien</Filter>
    </ClCompile>
    <ClCompile Include="basicView.cpp">
      <Filter>Quelldateien</Filter>
    </ClCompile>
    <ClCompile Include="drawTools.cpp">
      <Filter>Quelldateien</Filter>
    </ClCompile>
    <ClCompile Include="EdgeChangeDialog.cpp">
      <Filter>Quelldateien</Filter>
    </ClCompile>
    <ClCompile Include="graphView.cpp">
      <Filter>Quelldateien</Filter>
    </ClCompile>
    <ClCompile Include="Datenstruktur\Dijkstra.cpp">
      <Filter>Quelldateien\DatenStruktur</Filter>
    </ClCompile>
    <ClCompile Include="Datenstruktur\Graph.cpp">
      <Filter>Quelldateien\DatenStruktur</Filter>
    </ClCompile>
    <ClCompile Include="Datenstruktur\Kante.cpp">
      <Filter>Quelldateien\DatenStruktur</Filter>
    </ClCompile>
    <ClCompile Include="Datenstruktur\Knoten.cpp">
      <Filter>Quelldateien\DatenStruktur</Filter>
    </ClCompile>
    <ClCompile Include="Datenstruktur\KnotenEckig.cpp">
      <Filter>Quelldateien\DatenStruktur</Filter>
    </ClCompile>
    <ClCompile Include="Datenstruktur\KnotenRund.cpp">
      <Filter>Quelldateien\DatenStruktur</Filter>
    </ClCompile>
    <ClCompile Include="Datenstruktur\Kommentar.cpp">
      <Filter>Quelldateien\DatenStruktur</Filter>
    </ClCompile>
    <ClCompile Include="AlgorithmusRunDialog.cpp">
      <Filter>Quelldateien</Filter>
    </ClCompile>
  </ItemGroup>
  <ItemGroup>
    <ClInclude Include="Form1.h">
      <Filter>Headerdateien</Filter>
    </ClInclude>
    <ClInclude Include="stdafx.h">
      <Filter>Headerdateien</Filter>
    </ClInclude>
    <ClInclude Include="resource.h">
      <Filter>Headerdateien</Filter>
    </ClInclude>
    <ClInclude Include="about.h">
      <Filter>Headerdateien</Filter>
    </ClInclude>
    <ClInclude Include="vertexView.h">
      <Filter>Headerdateien</Filter>
    </ClInclude>
    <ClInclude Include="VertexChangeDialog.h">
      <Filter>Headerdateien</Filter>
    </ClInclude>
    <ClInclude Include="edgeView.h">
      <Filter>Headerdateien</Filter>
    </ClInclude>
    <ClInclude Include="basicView.h">
      <Filter>Headerdateien</Filter>
    </ClInclude>
    <ClInclude Include="drawTools.h">
      <Filter>Headerdateien</Filter>
    </ClInclude>
    <ClInclude Include="EdgeChangeDialog.h">
      <Filter>Headerdateien</Filter>
    </ClInclude>
    <ClInclude Include="graphView.h">
      <Filter>Headerdateien</Filter>
    </ClInclude>
    <ClInclude Include="Datenstruktur\Dijkstra.h">
      <Filter>Headerdateien\DatenStruktur</Filter>
    </ClInclude>
    <ClInclude Include="Datenstruktur\Graph.h">
      <Filter>Headerdateien\DatenStruktur</Filter>
    </ClInclude>
    <ClInclude Include="Datenstruktur\Kante.h">
      <Filter>Headerdateien\DatenStruktur</Filter>
    </ClInclude>
    <ClInclude Include="Datenstruktur\Knoten.h">
      <Filter>Headerdateien\DatenStruktur</Filter>
    </ClInclude>
    <ClInclude Include="Datenstruktur\KnotenEckig.h">
      <Filter>Headerdateien\DatenStruktur</Filter>
    </ClInclude>
    <ClInclude Include="Datenstruktur\KnotenRund.h">
      <Filter>Headerdateien\DatenStruktur</Filter>
    </ClInclude>
    <ClInclude Include="Datenstruktur\Kommentar.h">
      <Filter>Headerdateien\DatenStruktur</Filter>
    </ClInclude>
    <ClInclude Include="AlgorithmusRunDialog.h">
      <Filter>Headerdateien</Filter>
    </ClInclude>
  </ItemGroup>
  <ItemGroup>
    <ResourceCompile Include="app.rc">
      <Filter>Ressourcendateien</Filter>
    </ResourceCompile>
  </ItemGroup>
  <ItemGroup>
    <EmbeddedResource Include="Form1.resX">
      <Filter>Ressourcendateien</Filter>
    </EmbeddedResource>
    <EmbeddedResource Include="about.resx">
      <Filter>Ressourcendateien</Filter>
    </EmbeddedResource>
    <EmbeddedResource Include="VertexChangeDialog.resx">
      <Filter>Ressourcendateien</Filter>
    </EmbeddedResource>
    <EmbeddedResource Include="EdgeChangeDialog.resx">
      <Filter>Ressourcendateien</Filter>
    </EmbeddedResource>
    <EmbeddedResource Include="AlgorithmusRunDialog.resx">
      <Filter>Ressourcendateien</Filter>
    </EmbeddedResource>
  </ItemGroup>
</Project>